crg.eti.br/go/config v1.4.13 h1:N8qnS7JTYafJWNScsiEwAfH4VWGXowkNXt7xBqRmP/w=
crg.eti.br/go/config v1.4.13/go.mod h1:hI7cWzMLNlhnC2fGyGa37+Gz4K+khjWailvDYWXe9N4=
github.com/avelino/slugify v0.0.0-20180501145920-855f152bd774 h1:HrMVYtly2IVqg9EBooHsakQ256ueojP7QuG32K71X/U=
github.com/avelino/slugify v0.0.0-20180501145920-855f152bd774/go.mod h1:5wi5YYOpfuAKwL5XLFYopbgIl/v7NZxaJpa/4X6yFKE=
golang.org/x/text v0.8.0 h1:57P1ETyNKtuIjB4SRd15iJxuhj8Gc416Y78H3qgMh68=
golang.org/x/text v0.8.0/go.mod h1:e1OnstbJyHTd6l/uOt8jFFHp6TRDWZR/bV3emEE/zU8=
