github.com/bgould/http v0.0.0-20190627042742-d268792bdee7/go.mod h1:BTqvVegvwifopl4KTEDth6Zezs9eR+lCWhvGKvkxJHE=
github.com/eclipse/paho.mqtt.golang v1.2.0/go.mod h1:H9keYFcgq3Qr5OUJm/JZI/i6U7joQ8SYLhZwfeOo6Ts=
github.com/frankban/quicktest v1.10.2/go.mod h1:K+q6oSqb0W0Ininfk863uOk1lMy69l/P6txr3mVT54s=
github.com/google/go-cmp v0.5.2/go.mod h1:v8dTdLbMG2kIc/vJvl+f65V22dbkXbowE6jgT/gNBxE=
github.com/google/shlex v0.0.0-20191202100458-e7afc7fbc510 h1:El6M4kTTCOh6aBiKaUGG7oYTSPP8MxqL4YI3kZKwcP4=
github.com/google/shlex v0.0.0-20191202100458-e7afc7fbc510/go.mod h1:pupxD2MaaD3pAXIBCelhxNneeOaAeabZDe5s4K6zSpQ=
github.com/hajimehoshi/go-jisx0208 v1.0.0/go.mod h1:yYxEStHL7lt9uL+AbdWgW9gBumwieDoZCiB1f/0X0as=
github.com/kr/pretty v0.2.1/go.mod h1:ipq/a2n7PKx3OHsz4KJII5eveXtPO4qwEXGdVfWzfnI=
github.com/kr/pty v1.1.1/go.mod h1:pFQYn66WHrOpPYNljwOMqo10TkYh1fy3cYio2l3bCsQ=
github.com/kr/text v0.1.0/go.mod h1:4Jbv+DJW3UT/LiOwJeYQe1efqtUx/iVham/4vfdArNI=
github.com/sago35/go-bdf v0.0.0-20200313142241-6c17821c91c4/go.mod h1:rOebXGuMLsXhZAC6mF/TjxONsm45498ZyzVhel++6KM=
github.com/valyala/fastjson v1.6.3/go.mod h1:CLCAqky6SMuOcxStkYQvblddUtoRxhYMGLrsQns1aXY=
golang.org/x/image v0.0.0-20210628002857-a66eb6448b8d/go.mod h1:023OzeP/+EPmXeapQh35lcL3II3LrY8Ic+EFFKVhULM=
golang.org/x/net v0.0.0-20210614182718-04defd469f4e/go.mod h1:9nx3DQGgdP8bBQD5qxJ1jj9UTztislL4KSBs9R2vV5Y=
golang.org/x/sys v0.0.0-20201119102817-f84b799fce68/go.mod h1:h1NjWce9XRLGQEsW7wpKNCjG9DtNlClVuFLEZdDNbEs=
golang.org/x/sys v0.0.0-20210423082822-04245dca01da/go.mod h1:h1NjWce9XRLGQEsW7wpKNCjG9DtNlClVuFLEZdDNbEs=
golang.org/x/term v0.0.0-20201126162022-7de9c90e9dd1/go.mod h1:bj7SfCRtBDWHUb9snDiAeCFNEtKQo2Wmx5Cou7ajbmo=
golang.org/x/text v0.3.6/go.mod h1:5Zoc/QRtKVWzQhOtBMvqHzDpF6irO9z98xDceosuGiQ=
golang.org/x/tools v0.0.0-20180917221912-90fa682c2a6e/go.mod h1:n7NCudcB/nEzxVGmLbDWY5pfWTLqBcC2KZ6jyYvM4mQ=
golang.org/x/xerrors v0.0.0-20191204190536-9bdfabe68543/go.mod h1:I/5z698sn9Ka8TeJc9MKroUUfqBBauWjQqLJ2OPfmY0=
tinygo.org/x/drivers v0.14.0/go.mod h1:uT2svMq3EpBZpKkGO+NQHjxjGf1f42ra4OnMMwQL2aI=
tinygo.org/x/drivers v0.15.1/go.mod h1:uT2svMq3EpBZpKkGO+NQHjxjGf1f42ra4OnMMwQL2aI=
tinygo.org/x/drivers v0.16.0/go.mod h1:uT2svMq3EpBZpKkGO+NQHjxjGf1f42ra4OnMMwQL2aI=
tinygo.org/x/drivers v0.19.0/go.mod h1:uJD/l1qWzxzLx+vcxaW0eY464N5RAgFi1zTVzASFdqI=
tinygo.org/x/drivers v0.25.0 h1:MFnec5lY8Sxk1bIfqQWsflIbxcpAFbohWhg/qZ7psdM=
tinygo.org/x/drivers v0.25.0/go.mod h1:v+mXaA4cgpz/YZJ3ZPm/86bYQJAXTaYtMkHlVwbodbw=
tinygo.org/x/tinyfont v0.2.1/go.mod h1:eLqnYSrFRjt5STxWaMeOWJTzrKhXqpWw7nU3bPfKOAM=
tinygo.org/x/tinyfont v0.3.0/go.mod h1:+TV5q0KpwSGRWnN+ITijsIhrWYJkoUCp9MYELjKpAXk=
tinygo.org/x/tinyfs v0.1.0/go.mod h1:ysc8Y92iHfhTXeyEM9+c7zviUQ4fN9UCFgSOFfMWv20=
tinygo.org/x/tinyterm v0.1.0/go.mod h1:/DDhNnGwNF2/tNgHywvyZuCGnbH3ov49Z/6e8LPLRR4=
